
Microsoft Visual Studio Solution File, Format Version 12.00
# Visual Studio Version 17
VisualStudioVersion = 17.0.31919.166
MinimumVisualStudioVersion = 10.0.40219.1
Project("{FAE04EC0-301F-11D3-BF4B-00C04F79EFBC}") = "Uniforms", "Uniforms\Uniforms.csproj", "{027B0F09-C5F3-4535-A9D6-AF6B3F536955}"
EndProject
Global
	GlobalSection(SolutionConfigurationPlatforms) = preSolution
		Debug|Any CPU = Debug|Any CPU
		Release|Any CPU = Release|Any CPU
	EndGlobalSection
	GlobalSection(ProjectConfigurationPlatforms) = postSolution
		{027B0F09-C5F3-4535-A9D6-AF6B3F536955}.Debug|Any CPU.ActiveCfg = Debug|Any CPU
		{027B0F09-C5F3-4535-A9D6-AF6B3F536955}.Debug|Any CPU.Build.0 = Debug|Any CPU
		{027B0F09-C5F3-4535-A9D6-AF6B3F536955}.Release|Any CPU.ActiveCfg = Release|Any CPU
		{027B0F09-C5F3-4535-A9D6-AF6B3F536955}.Release|Any CPU.Build.0 = Release|Any CPU
	EndGlobalSection
	GlobalSection(SolutionProperties) = preSolution
		HideSolutionNode = FALSE
	EndGlobalSection
	GlobalSection(ExtensibilityGlobals) = postSolution
		SolutionGuid = {E7EF3ED9-ECDD-4072-AA02-A496BB8C5F53}
	EndGlobalSection
EndGlobal
